
Microsoft Visual Studio Solution File, Format Version 12.00
# Visual Studio Version 16
VisualStudioVersion = 16.0.31515.178
MinimumVisualStudioVersion = 10.0.40219.1
Project("{FAE04EC0-301F-11D3-BF4B-00C04F79EFBC}") = "DetectFakeImage", "DetectFakeImage\DetectFakeImage.csproj", "{90DDC7B1-43AA-4B4A-85AC-3379D15570D1}"
EndProject
Global
	GlobalSection(SolutionConfigurationPlatforms) = preSolution
		Debug|Any CPU = Debug|Any CPU
		Release|Any CPU = Release|Any CPU
	EndGlobalSection
	GlobalSection(ProjectConfigurationPlatforms) = postSolution
		{90DDC7B1-43AA-4B4A-85AC-3379D15570D1}.Debug|Any CPU.ActiveCfg = Debug|Any CPU
		{90DDC7B1-43AA-4B4A-85AC-3379D15570D1}.Debug|Any CPU.Build.0 = Debug|Any CPU
		{90DDC7B1-43AA-4B4A-85AC-3379D15570D1}.Release|Any CPU.ActiveCfg = Release|Any CPU
		{90DDC7B1-43AA-4B4A-85AC-3379D15570D1}.Release|Any CPU.Build.0 = Release|Any CPU
	EndGlobalSection
	GlobalSection(SolutionProperties) = preSolution
		HideSolutionNode = FALSE
	EndGlobalSection
	GlobalSection(ExtensibilityGlobals) = postSolution
		SolutionGuid = {0FCEA388-486A-44A4-8C34-55014BF2B34D}
	EndGlobalSection
EndGlobal
